
Microsoft Visual Studio Solution File, Format Version 12.00
# Visual Studio Version 17
VisualStudioVersion = 17.7.34031.279
MinimumVisualStudioVersion = 10.0.40219.1
Project("{FAE04EC0-301F-11D3-BF4B-00C04F79EFBC}") = "SocialBookmarking", "SocialBookmarking\SocialBookmarking.csproj", "{337AE5E2-5357-43BB-9D4D-A71F772687FC}"
EndProject
Global
	GlobalSection(SolutionConfigurationPlatforms) = preSolution
		Debug|Any CPU = Debug|Any CPU
		Release|Any CPU = Release|Any CPU
	EndGlobalSection
	GlobalSection(ProjectConfigurationPlatforms) = postSolution
		{337AE5E2-5357-43BB-9D4D-A71F772687FC}.Debug|Any CPU.ActiveCfg = Debug|Any CPU
		{337AE5E2-5357-43BB-9D4D-A71F772687FC}.Debug|Any CPU.Build.0 = Debug|Any CPU
		{337AE5E2-5357-43BB-9D4D-A71F772687FC}.Release|Any CPU.ActiveCfg = Release|Any CPU
		{337AE5E2-5357-43BB-9D4D-A71F772687FC}.Release|Any CPU.Build.0 = Release|Any CPU
	EndGlobalSection
	GlobalSection(SolutionProperties) = preSolution
		HideSolutionNode = FALSE
	EndGlobalSection
	GlobalSection(ExtensibilityGlobals) = postSolution
		SolutionGuid = {4C9EA887-6584-40C3-9159-5BF15334197F}
	EndGlobalSection
EndGlobal
